// !$*UTF8*$!
{
	archiveVersion = 1;
	classes = {
	};
	objectVersion = 56;
	objects = {

/* Begin PBXBuildFile section */
		702E48862921518D005C6C82 /* AppDelegate.swift in Sources */ = {isa = PBXBuildFile; fileRef = 702E48852921518D005C6C82 /* AppDelegate.swift */; };
		702E48882921518D005C6C82 /* SceneDelegate.swift in Sources */ = {isa = PBXBuildFile; fileRef = 702E48872921518D005C6C82 /* SceneDelegate.swift */; };
		702E488F2921518F005C6C82 /* Assets.xcassets in Resources */ = {isa = PBXBuildFile; fileRef = 702E488E2921518F005C6C82 /* Assets.xcassets */; };
		702E48922921518F005C6C82 /* LaunchScreen.storyboard in Resources */ = {isa = PBXBuildFile; fileRef = 702E48902921518F005C6C82 /* LaunchScreen.storyboard */; };
		702E489E292158B3005C6C82 /* NeedleFoundation.xcframework in Frameworks */ = {isa = PBXBuildFile; fileRef = 702E489D292158B3005C6C82 /* NeedleFoundation.xcframework */; };
		702E489F292158B3005C6C82 /* NeedleFoundation.xcframework in Embed Frameworks */ = {isa = PBXBuildFile; fileRef = 702E489D292158B3005C6C82 /* NeedleFoundation.xcframework */; settings = {ATTRIBUTES = (CodeSignOnCopy, RemoveHeadersOnCopy, ); }; };
		702E48A229215A17005C6C82 /* SnapKit.xcframework in Frameworks */ = {isa = PBXBuildFile; fileRef = 702E48A129215A16005C6C82 /* SnapKit.xcframework */; };
		702E48A329215A17005C6C82 /* SnapKit.xcframework in Embed Frameworks */ = {isa = PBXBuildFile; fileRef = 702E48A129215A16005C6C82 /* SnapKit.xcframework */; settings = {ATTRIBUTES = (CodeSignOnCopy, RemoveHeadersOnCopy, ); }; };
		7044D6D1293C721F00CA5AAD /* UIViewController + TopBarHeight.swift in Sources */ = {isa = PBXBuildFile; fileRef = 7044D6D0293C721F00CA5AAD /* UIViewController + TopBarHeight.swift */; };
		7044D6D3293C77E300CA5AAD /* UIFont + CustomFonts.swift in Sources */ = {isa = PBXBuildFile; fileRef = 7044D6D2293C77E300CA5AAD /* UIFont + CustomFonts.swift */; };
		7044D6D5293C879C00CA5AAD /* SafariView.swift in Sources */ = {isa = PBXBuildFile; fileRef = 7044D6D4293C879C00CA5AAD /* SafariView.swift */; };
		7044D6D7293D17C500CA5AAD /* UIImage + AvaregeColor.swift in Sources */ = {isa = PBXBuildFile; fileRef = 7044D6D6293D17C500CA5AAD /* UIImage + AvaregeColor.swift */; };
		704D6E0E292AAFBE00ACE040 /* SparkyStones.ttf in Resources */ = {isa = PBXBuildFile; fileRef = 704D6E0D292AAFBE00ACE040 /* SparkyStones.ttf */; };
		704D6E18292C158400ACE040 /* FavoritesPresenter.swift in Sources */ = {isa = PBXBuildFile; fileRef = 704D6E12292C158400ACE040 /* FavoritesPresenter.swift */; };
		704D6E19292C158400ACE040 /* FavoritesWorker.swift in Sources */ = {isa = PBXBuildFile; fileRef = 704D6E13292C158400ACE040 /* FavoritesWorker.swift */; };
		704D6E1A292C158400ACE040 /* FavoritesRouter.swift in Sources */ = {isa = PBXBuildFile; fileRef = 704D6E14292C158400ACE040 /* FavoritesRouter.swift */; };
		704D6E1B292C158400ACE040 /* FavoritesModels.swift in Sources */ = {isa = PBXBuildFile; fileRef = 704D6E15292C158400ACE040 /* FavoritesModels.swift */; };
		704D6E1C292C158400ACE040 /* FavoritesViewController.swift in Sources */ = {isa = PBXBuildFile; fileRef = 704D6E16292C158400ACE040 /* FavoritesViewController.swift */; };
		704D6E1D292C158400ACE040 /* FavoritesInteractor.swift in Sources */ = {isa = PBXBuildFile; fileRef = 704D6E17292C158400ACE040 /* FavoritesInteractor.swift */; };
		704D6E21292C15C800ACE040 /* AboutViewController.swift in Sources */ = {isa = PBXBuildFile; fileRef = 704D6E20292C15C800ACE040 /* AboutViewController.swift */; };
		7090D55A2931EE6200961128 /* ShareViewController.swift in Sources */ = {isa = PBXBuildFile; fileRef = 7090D5592931EE6200961128 /* ShareViewController.swift */; };
		7090D562293B171D00961128 /* ZoomImageView.swift in Sources */ = {isa = PBXBuildFile; fileRef = 7090D561293B171D00961128 /* ZoomImageView.swift */; };
		7090D56A293B547300961128 /* PhotoDetailsPresenter.swift in Sources */ = {isa = PBXBuildFile; fileRef = 7090D564293B547300961128 /* PhotoDetailsPresenter.swift */; };
		7090D56C293B547300961128 /* PhotoDetailsRouter.swift in Sources */ = {isa = PBXBuildFile; fileRef = 7090D566293B547300961128 /* PhotoDetailsRouter.swift */; };
		7090D56D293B547300961128 /* PhotoDetailsModels.swift in Sources */ = {isa = PBXBuildFile; fileRef = 7090D567293B547300961128 /* PhotoDetailsModels.swift */; };
		7090D56E293B547300961128 /* PhotoDetailsViewController.swift in Sources */ = {isa = PBXBuildFile; fileRef = 7090D568293B547300961128 /* PhotoDetailsViewController.swift */; };
		7090D56F293B547300961128 /* PhotoDetailsInteractor.swift in Sources */ = {isa = PBXBuildFile; fileRef = 7090D569293B547300961128 /* PhotoDetailsInteractor.swift */; };
		7090D571293B5ECC00961128 /* PhotoDetailsComponent.swift in Sources */ = {isa = PBXBuildFile; fileRef = 7090D570293B5ECC00961128 /* PhotoDetailsComponent.swift */; };
		7090D575293B7FE000961128 /* NeedleGenerated.swift in Sources */ = {isa = PBXBuildFile; fileRef = 7090D574293B7FE000961128 /* NeedleGenerated.swift */; };
		70EF677A29216A37006696C2 /* RootComponent.swift in Sources */ = {isa = PBXBuildFile; fileRef = 70EF677929216A37006696C2 /* RootComponent.swift */; };
		70EF677F29216AC2006696C2 /* NetworkService.swift in Sources */ = {isa = PBXBuildFile; fileRef = 70EF677E29216AC2006696C2 /* NetworkService.swift */; };
		70EF678129216B59006696C2 /* NetworkFetcher.swift in Sources */ = {isa = PBXBuildFile; fileRef = 70EF678029216B59006696C2 /* NetworkFetcher.swift */; };
		70EF678629217883006696C2 /* MainAPI.swift in Sources */ = {isa = PBXBuildFile; fileRef = 70EF678529217883006696C2 /* MainAPI.swift */; };
		70EF679929218B42006696C2 /* MainPresenter.swift in Sources */ = {isa = PBXBuildFile; fileRef = 70EF679329218B42006696C2 /* MainPresenter.swift */; };
		70EF679B29218B42006696C2 /* MainRouter.swift in Sources */ = {isa = PBXBuildFile; fileRef = 70EF679529218B42006696C2 /* MainRouter.swift */; };
		70EF679C29218B42006696C2 /* MainModels.swift in Sources */ = {isa = PBXBuildFile; fileRef = 70EF679629218B42006696C2 /* MainModels.swift */; };
		70EF679D29218B42006696C2 /* MainViewController.swift in Sources */ = {isa = PBXBuildFile; fileRef = 70EF679729218B42006696C2 /* MainViewController.swift */; };
		70EF679E29218B42006696C2 /* MainInteractor.swift in Sources */ = {isa = PBXBuildFile; fileRef = 70EF679829218B42006696C2 /* MainInteractor.swift */; };
		70EF67A629218BA3006696C2 /* RandomImagePresenter.swift in Sources */ = {isa = PBXBuildFile; fileRef = 70EF67A029218BA3006696C2 /* RandomImagePresenter.swift */; };
		70EF67A929218BA3006696C2 /* RandomImageModels.swift in Sources */ = {isa = PBXBuildFile; fileRef = 70EF67A329218BA3006696C2 /* RandomImageModels.swift */; };
		70EF67AA29218BA3006696C2 /* RandomImageViewController.swift in Sources */ = {isa = PBXBuildFile; fileRef = 70EF67A429218BA3006696C2 /* RandomImageViewController.swift */; };
		70EF67AB29218BA3006696C2 /* RandomImageInteractor.swift in Sources */ = {isa = PBXBuildFile; fileRef = 70EF67A529218BA3006696C2 /* RandomImageInteractor.swift */; };
		70EF67B329218BBA006696C2 /* GalleryPresenter.swift in Sources */ = {isa = PBXBuildFile; fileRef = 70EF67AD29218BBA006696C2 /* GalleryPresenter.swift */; };
		70EF67B429218BBA006696C2 /* GalleryWorker.swift in Sources */ = {isa = PBXBuildFile; fileRef = 70EF67AE29218BBA006696C2 /* GalleryWorker.swift */; };
		70EF67B529218BBA006696C2 /* GalleryRouter.swift in Sources */ = {isa = PBXBuildFile; fileRef = 70EF67AF29218BBA006696C2 /* GalleryRouter.swift */; };
		70EF67B629218BBA006696C2 /* GalleryModels.swift in Sources */ = {isa = PBXBuildFile; fileRef = 70EF67B029218BBA006696C2 /* GalleryModels.swift */; };
		70EF67B729218BBA006696C2 /* GalleryViewController.swift in Sources */ = {isa = PBXBuildFile; fileRef = 70EF67B129218BBA006696C2 /* GalleryViewController.swift */; };
		70EF67B829218BBA006696C2 /* GalleryInteractor.swift in Sources */ = {isa = PBXBuildFile; fileRef = 70EF67B229218BBA006696C2 /* GalleryInteractor.swift */; };
		70EF67BB2922B221006696C2 /* UIViewController + Preview.swift in Sources */ = {isa = PBXBuildFile; fileRef = 70EF67BA2922B221006696C2 /* UIViewController + Preview.swift */; };
		70EF67BD2923BB35006696C2 /* RandomImageComponent.swift in Sources */ = {isa = PBXBuildFile; fileRef = 70EF67BC2923BB35006696C2 /* RandomImageComponent.swift */; };
		70EF67BF2923C2FB006696C2 /* GalleryComponent.swift in Sources */ = {isa = PBXBuildFile; fileRef = 70EF67BE2923C2FB006696C2 /* GalleryComponent.swift */; };
		70EF67C32924F967006696C2 /* UIViewController + Alert.swift in Sources */ = {isa = PBXBuildFile; fileRef = 70EF67C22924F967006696C2 /* UIViewController + Alert.swift */; };
		70EF67C529250391006696C2 /* UIView + Animation.swift in Sources */ = {isa = PBXBuildFile; fileRef = 70EF67C429250391006696C2 /* UIView + Animation.swift */; };
		70EF67C92926AEAC006696C2 /* UIView + dropShadow.swift in Sources */ = {isa = PBXBuildFile; fileRef = 70EF67C82926AEAC006696C2 /* UIView + dropShadow.swift */; };
		70EF67CE2929009E006696C2 /* PhotoCell.swift in Sources */ = {isa = PBXBuildFile; fileRef = 70EF67CD2929009E006696C2 /* PhotoCell.swift */; };
		70EF67D129290120006696C2 /* WebImageView.swift in Sources */ = {isa = PBXBuildFile; fileRef = 70EF67D029290120006696C2 /* WebImageView.swift */; };
		70EF67D6292948C6006696C2 /* Photo.swift in Sources */ = {isa = PBXBuildFile; fileRef = 70EF67D5292948C6006696C2 /* Photo.swift */; };
/* End PBXBuildFile section */

/* Begin PBXCopyFilesBuildPhase section */
		702E48A0292158B3005C6C82 /* Embed Frameworks */ = {
			isa = PBXCopyFilesBuildPhase;
			buildActionMask = 2147483647;
			dstPath = "";
			dstSubfolderSpec = 10;
			files = (
				702E48A329215A17005C6C82 /* SnapKit.xcframework in Embed Frameworks */,
				702E489F292158B3005C6C82 /* NeedleFoundation.xcframework in Embed Frameworks */,
			);
			name = "Embed Frameworks";
			runOnlyForDeploymentPostprocessing = 0;
		};
/* End PBXCopyFilesBuildPhase section */

/* Begin PBXFileReference section */
		702E48822921518D005C6C82 /* LoremPicsumApp.app */ = {isa = PBXFileReference; explicitFileType = wrapper.application; includeInIndex = 0; path = LoremPicsumApp.app; sourceTree = BUILT_PRODUCTS_DIR; };
		702E48852921518D005C6C82 /* AppDelegate.swift */ = {isa = PBXFileReference; lastKnownFileType = sourcecode.swift; path = AppDelegate.swift; sourceTree = "<group>"; };
		702E48872921518D005C6C82 /* SceneDelegate.swift */ = {isa = PBXFileReference; lastKnownFileType = sourcecode.swift; path = SceneDelegate.swift; sourceTree = "<group>"; };
		702E488E2921518F005C6C82 /* Assets.xcassets */ = {isa = PBXFileReference; lastKnownFileType = folder.assetcatalog; path = Assets.xcassets; sourceTree = "<group>"; };
		702E48912921518F005C6C82 /* Base */ = {isa = PBXFileReference; lastKnownFileType = file.storyboard; name = Base; path = Base.lproj/LaunchScreen.storyboard; sourceTree = "<group>"; };
		702E48932921518F005C6C82 /* Info.plist */ = {isa = PBXFileReference; lastKnownFileType = text.plist.xml; path = Info.plist; sourceTree = "<group>"; };
		702E489D292158B3005C6C82 /* NeedleFoundation.xcframework */ = {isa = PBXFileReference; lastKnownFileType = wrapper.xcframework; name = NeedleFoundation.xcframework; path = Carthage/Build/NeedleFoundation.xcframework; sourceTree = "<group>"; };
		702E48A129215A16005C6C82 /* SnapKit.xcframework */ = {isa = PBXFileReference; lastKnownFileType = wrapper.xcframework; name = SnapKit.xcframework; path = Carthage/Build/SnapKit.xcframework; sourceTree = "<group>"; };
		7044D6D0293C721F00CA5AAD /* UIViewController + TopBarHeight.swift */ = {isa = PBXFileReference; lastKnownFileType = sourcecode.swift; path = "UIViewController + TopBarHeight.swift"; sourceTree = "<group>"; };
		7044D6D2293C77E300CA5AAD /* UIFont + CustomFonts.swift */ = {isa = PBXFileReference; lastKnownFileType = sourcecode.swift; path = "UIFont + CustomFonts.swift"; sourceTree = "<group>"; };
		7044D6D4293C879C00CA5AAD /* SafariView.swift */ = {isa = PBXFileReference; lastKnownFileType = sourcecode.swift; path = SafariView.swift; sourceTree = "<group>"; };
		7044D6D6293D17C500CA5AAD /* UIImage + AvaregeColor.swift */ = {isa = PBXFileReference; lastKnownFileType = sourcecode.swift; path = "UIImage + AvaregeColor.swift"; sourceTree = "<group>"; };
		704D6E0D292AAFBE00ACE040 /* SparkyStones.ttf */ = {isa = PBXFileReference; lastKnownFileType = file; path = SparkyStones.ttf; sourceTree = "<group>"; };
		704D6E12292C158400ACE040 /* FavoritesPresenter.swift */ = {isa = PBXFileReference; lastKnownFileType = sourcecode.swift; path = FavoritesPresenter.swift; sourceTree = "<group>"; };
		704D6E13292C158400ACE040 /* FavoritesWorker.swift */ = {isa = PBXFileReference; lastKnownFileType = sourcecode.swift; path = FavoritesWorker.swift; sourceTree = "<group>"; };
		704D6E14292C158400ACE040 /* FavoritesRouter.swift */ = {isa = PBXFileReference; lastKnownFileType = sourcecode.swift; path = FavoritesRouter.swift; sourceTree = "<group>"; };
		704D6E15292C158400ACE040 /* FavoritesModels.swift */ = {isa = PBXFileReference; lastKnownFileType = sourcecode.swift; path = FavoritesModels.swift; sourceTree = "<group>"; };
		704D6E16292C158400ACE040 /* FavoritesViewController.swift */ = {isa = PBXFileReference; lastKnownFileType = sourcecode.swift; path = FavoritesViewController.swift; sourceTree = "<group>"; };
		704D6E17292C158400ACE040 /* FavoritesInteractor.swift */ = {isa = PBXFileReference; lastKnownFileType = sourcecode.swift; path = FavoritesInteractor.swift; sourceTree = "<group>"; };
		704D6E20292C15C800ACE040 /* AboutViewController.swift */ = {isa = PBXFileReference; lastKnownFileType = sourcecode.swift; path = AboutViewController.swift; sourceTree = "<group>"; };
		7090D5592931EE6200961128 /* ShareViewController.swift */ = {isa = PBXFileReference; lastKnownFileType = sourcecode.swift; path = ShareViewController.swift; sourceTree = "<group>"; };
		7090D561293B171D00961128 /* ZoomImageView.swift */ = {isa = PBXFileReference; lastKnownFileType = sourcecode.swift; path = ZoomImageView.swift; sourceTree = "<group>"; };
		7090D564293B547300961128 /* PhotoDetailsPresenter.swift */ = {isa = PBXFileReference; lastKnownFileType = sourcecode.swift; path = PhotoDetailsPresenter.swift; sourceTree = "<group>"; };
		7090D566293B547300961128 /* PhotoDetailsRouter.swift */ = {isa = PBXFileReference; lastKnownFileType = sourcecode.swift; path = PhotoDetailsRouter.swift; sourceTree = "<group>"; };
		7090D567293B547300961128 /* PhotoDetailsModels.swift */ = {isa = PBXFileReference; lastKnownFileType = sourcecode.swift; path = PhotoDetailsModels.swift; sourceTree = "<group>"; };
		7090D568293B547300961128 /* PhotoDetailsViewController.swift */ = {isa = PBXFileReference; lastKnownFileType = sourcecode.swift; path = PhotoDetailsViewController.swift; sourceTree = "<group>"; };
		7090D569293B547300961128 /* PhotoDetailsInteractor.swift */ = {isa = PBXFileReference; lastKnownFileType = sourcecode.swift; path = PhotoDetailsInteractor.swift; sourceTree = "<group>"; };
		7090D570293B5ECC00961128 /* PhotoDetailsComponent.swift */ = {isa = PBXFileReference; lastKnownFileType = sourcecode.swift; path = PhotoDetailsComponent.swift; sourceTree = "<group>"; };
		7090D574293B7FE000961128 /* NeedleGenerated.swift */ = {isa = PBXFileReference; fileEncoding = 4; lastKnownFileType = sourcecode.swift; name = NeedleGenerated.swift; path = LoremPicsumApp/NeedleGenerated.swift; sourceTree = SOURCE_ROOT; };
		70EF677929216A37006696C2 /* RootComponent.swift */ = {isa = PBXFileReference; lastKnownFileType = sourcecode.swift; path = RootComponent.swift; sourceTree = "<group>"; };
		70EF677E29216AC2006696C2 /* NetworkService.swift */ = {isa = PBXFileReference; lastKnownFileType = sourcecode.swift; path = NetworkService.swift; sourceTree = "<group>"; };
		70EF678029216B59006696C2 /* NetworkFetcher.swift */ = {isa = PBXFileReference; lastKnownFileType = sourcecode.swift; path = NetworkFetcher.swift; sourceTree = "<group>"; };
		70EF678529217883006696C2 /* MainAPI.swift */ = {isa = PBXFileReference; lastKnownFileType = sourcecode.swift; path = MainAPI.swift; sourceTree = "<group>"; };
		70EF679329218B42006696C2 /* MainPresenter.swift */ = {isa = PBXFileReference; lastKnownFileType = sourcecode.swift; path = MainPresenter.swift; sourceTree = "<group>"; };
		70EF679529218B42006696C2 /* MainRouter.swift */ = {isa = PBXFileReference; lastKnownFileType = sourcecode.swift; path = MainRouter.swift; sourceTree = "<group>"; };
		70EF679629218B42006696C2 /* MainModels.swift */ = {isa = PBXFileReference; lastKnownFileType = sourcecode.swift; path = MainModels.swift; sourceTree = "<group>"; };
		70EF679729218B42006696C2 /* MainViewController.swift */ = {isa = PBXFileReference; lastKnownFileType = sourcecode.swift; path = MainViewController.swift; sourceTree = "<group>"; };
		70EF679829218B42006696C2 /* MainInteractor.swift */ = {isa = PBXFileReference; lastKnownFileType = sourcecode.swift; path = MainInteractor.swift; sourceTree = "<group>"; };
		70EF67A029218BA3006696C2 /* RandomImagePresenter.swift */ = {isa = PBXFileReference; lastKnownFileType = sourcecode.swift; path = RandomImagePresenter.swift; sourceTree = "<group>"; };
		70EF67A329218BA3006696C2 /* RandomImageModels.swift */ = {isa = PBXFileReference; lastKnownFileType = sourcecode.swift; path = RandomImageModels.swift; sourceTree = "<group>"; };
		70EF67A429218BA3006696C2 /* RandomImageViewController.swift */ = {isa = PBXFileReference; lastKnownFileType = sourcecode.swift; path = RandomImageViewController.swift; sourceTree = "<group>"; };
		70EF67A529218BA3006696C2 /* RandomImageInteractor.swift */ = {isa = PBXFileReference; lastKnownFileType = sourcecode.swift; path = RandomImageInteractor.swift; sourceTree = "<group>"; };
		70EF67AD29218BBA006696C2 /* GalleryPresenter.swift */ = {isa = PBXFileReference; lastKnownFileType = sourcecode.swift; path = GalleryPresenter.swift; sourceTree = "<group>"; };
		70EF67AE29218BBA006696C2 /* GalleryWorker.swift */ = {isa = PBXFileReference; lastKnownFileType = sourcecode.swift; path = GalleryWorker.swift; sourceTree = "<group>"; };
		70EF67AF29218BBA006696C2 /* GalleryRouter.swift */ = {isa = PBXFileReference; lastKnownFileType = sourcecode.swift; path = GalleryRouter.swift; sourceTree = "<group>"; };
		70EF67B029218BBA006696C2 /* GalleryModels.swift */ = {isa = PBXFileReference; lastKnownFileType = sourcecode.swift; path = GalleryModels.swift; sourceTree = "<group>"; };
		70EF67B129218BBA006696C2 /* GalleryViewController.swift */ = {isa = PBXFileReference; lastKnownFileType = sourcecode.swift; path = GalleryViewController.swift; sourceTree = "<group>"; };
		70EF67B229218BBA006696C2 /* GalleryInteractor.swift */ = {isa = PBXFileReference; lastKnownFileType = sourcecode.swift; path = GalleryInteractor.swift; sourceTree = "<group>"; };
		70EF67BA2922B221006696C2 /* UIViewController + Preview.swift */ = {isa = PBXFileReference; lastKnownFileType = sourcecode.swift; path = "UIViewController + Preview.swift"; sourceTree = "<group>"; };
		70EF67BC2923BB35006696C2 /* RandomImageComponent.swift */ = {isa = PBXFileReference; lastKnownFileType = sourcecode.swift; path = RandomImageComponent.swift; sourceTree = "<group>"; };
		70EF67BE2923C2FB006696C2 /* GalleryComponent.swift */ = {isa = PBXFileReference; lastKnownFileType = sourcecode.swift; path = GalleryComponent.swift; sourceTree = "<group>"; };
		70EF67C22924F967006696C2 /* UIViewController + Alert.swift */ = {isa = PBXFileReference; lastKnownFileType = sourcecode.swift; path = "UIViewController + Alert.swift"; sourceTree = "<group>"; };
		70EF67C429250391006696C2 /* UIView + Animation.swift */ = {isa = PBXFileReference; lastKnownFileType = sourcecode.swift; path = "UIView + Animation.swift"; sourceTree = "<group>"; };
		70EF67C82926AEAC006696C2 /* UIView + dropShadow.swift */ = {isa = PBXFileReference; lastKnownFileType = sourcecode.swift; path = "UIView + dropShadow.swift"; sourceTree = "<group>"; };
		70EF67CD2929009E006696C2 /* PhotoCell.swift */ = {isa = PBXFileReference; lastKnownFileType = sourcecode.swift; path = PhotoCell.swift; sourceTree = "<group>"; };
		70EF67D029290120006696C2 /* WebImageView.swift */ = {isa = PBXFileReference; lastKnownFileType = sourcecode.swift; path = WebImageView.swift; sourceTree = "<group>"; };
		70EF67D5292948C6006696C2 /* Photo.swift */ = {isa = PBXFileReference; lastKnownFileType = sourcecode.swift; path = Photo.swift; sourceTree = "<group>"; };
/* End PBXFileReference section */

/* Begin PBXFrameworksBuildPhase section */
		702E487F2921518D005C6C82 /* Frameworks */ = {
			isa = PBXFrameworksBuildPhase;
			buildActionMask = 2147483647;
			files = (
				702E48A229215A17005C6C82 /* SnapKit.xcframework in Frameworks */,
				702E489E292158B3005C6C82 /* NeedleFoundation.xcframework in Frameworks */,
			);
			runOnlyForDeploymentPostprocessing = 0;
		};
/* End PBXFrameworksBuildPhase section */

/* Begin PBXGroup section */
		702E48792921518D005C6C82 = {
			isa = PBXGroup;
			children = (
				702E48842921518D005C6C82 /* LoremPicsumApp */,
				702E48832921518D005C6C82 /* Products */,
				702E489C292158B1005C6C82 /* Frameworks */,
			);
			sourceTree = "<group>";
		};
		702E48832921518D005C6C82 /* Products */ = {
			isa = PBXGroup;
			children = (
				702E48822921518D005C6C82 /* LoremPicsumApp.app */,
			);
			name = Products;
			sourceTree = "<group>";
		};
		702E48842921518D005C6C82 /* LoremPicsumApp */ = {
			isa = PBXGroup;
			children = (
				704D6E0F292B3AE500ACE040 /* NeedleDI */,
				70EF67D4292948BB006696C2 /* Models */,
				70EF67CF29290113006696C2 /* Helpers */,
				704D6E1F292C15B200ACE040 /* Scenes */,
				70EF677B29216A54006696C2 /* Services */,
				70EF67B92922B208006696C2 /* Extensions */,
				70EF677C29216A60006696C2 /* App */,
				70EF677D29216AB3006696C2 /* Resources */,
				702E48902921518F005C6C82 /* LaunchScreen.storyboard */,
			);
			path = LoremPicsumApp;
			sourceTree = "<group>";
		};
		702E489C292158B1005C6C82 /* Frameworks */ = {
			isa = PBXGroup;
			children = (
				702E48A129215A16005C6C82 /* SnapKit.xcframework */,
				702E489D292158B3005C6C82 /* NeedleFoundation.xcframework */,
			);
			name = Frameworks;
			sourceTree = "<group>";
		};
		704D6E0C292AAFB100ACE040 /* Fonts */ = {
			isa = PBXGroup;
			children = (
				704D6E0D292AAFBE00ACE040 /* SparkyStones.ttf */,
			);
			path = Fonts;
			sourceTree = "<group>";
		};
		704D6E0F292B3AE500ACE040 /* NeedleDI */ = {
			isa = PBXGroup;
			children = (
				70EF677929216A37006696C2 /* RootComponent.swift */,
				7090D574293B7FE000961128 /* NeedleGenerated.swift */,
			);
			path = NeedleDI;
			sourceTree = "<group>";
		};
		704D6E11292C156A00ACE040 /* Favorites */ = {
			isa = PBXGroup;
			children = (
				704D6E12292C158400ACE040 /* FavoritesPresenter.swift */,
				704D6E13292C158400ACE040 /* FavoritesWorker.swift */,
				704D6E14292C158400ACE040 /* FavoritesRouter.swift */,
				704D6E15292C158400ACE040 /* FavoritesModels.swift */,
				704D6E16292C158400ACE040 /* FavoritesViewController.swift */,
				704D6E17292C158400ACE040 /* FavoritesInteractor.swift */,
			);
			path = Favorites;
			sourceTree = "<group>";
		};
		704D6E1E292C159F00ACE040 /* About */ = {
			isa = PBXGroup;
			children = (
				704D6E20292C15C800ACE040 /* AboutViewController.swift */,
			);
			path = About;
			sourceTree = "<group>";
		};
		704D6E1F292C15B200ACE040 /* Scenes */ = {
			isa = PBXGroup;
			children = (
				70EF678229217278006696C2 /* Main */,
				70EF679F29218B8C006696C2 /* RandomImage */,
				70EF67AC29218BAF006696C2 /* Gallery */,
				7090D563293B545600961128 /* PhotoDetails */,
				704D6E11292C156A00ACE040 /* Favorites */,
				704D6E1E292C159F00ACE040 /* About */,
			);
			path = Scenes;
			sourceTree = "<group>";
		};
		7090D563293B545600961128 /* PhotoDetails */ = {
			isa = PBXGroup;
			children = (
				7090D564293B547300961128 /* PhotoDetailsPresenter.swift */,
				7090D566293B547300961128 /* PhotoDetailsRouter.swift */,
				7090D567293B547300961128 /* PhotoDetailsModels.swift */,
				7090D568293B547300961128 /* PhotoDetailsViewController.swift */,
				7090D569293B547300961128 /* PhotoDetailsInteractor.swift */,
				7090D570293B5ECC00961128 /* PhotoDetailsComponent.swift */,
			);
			path = PhotoDetails;
			sourceTree = "<group>";
		};
		70EF677B29216A54006696C2 /* Services */ = {
			isa = PBXGroup;
			children = (
				70EF677E29216AC2006696C2 /* NetworkService.swift */,
				70EF678029216B59006696C2 /* NetworkFetcher.swift */,
				70EF678529217883006696C2 /* MainAPI.swift */,
			);
			path = Services;
			sourceTree = "<group>";
		};
		70EF677C29216A60006696C2 /* App */ = {
			isa = PBXGroup;
			children = (
				702E48852921518D005C6C82 /* AppDelegate.swift */,
				702E48872921518D005C6C82 /* SceneDelegate.swift */,
				702E48932921518F005C6C82 /* Info.plist */,
			);
			path = App;
			sourceTree = "<group>";
		};
		70EF677D29216AB3006696C2 /* Resources */ = {
			isa = PBXGroup;
			children = (
				704D6E0C292AAFB100ACE040 /* Fonts */,
				702E488E2921518F005C6C82 /* Assets.xcassets */,
			);
			path = Resources;
			sourceTree = "<group>";
		};
		70EF678229217278006696C2 /* Main */ = {
			isa = PBXGroup;
			children = (
				70EF679329218B42006696C2 /* MainPresenter.swift */,
				70EF679529218B42006696C2 /* MainRouter.swift */,
				70EF679629218B42006696C2 /* MainModels.swift */,
				70EF679729218B42006696C2 /* MainViewController.swift */,
				70EF679829218B42006696C2 /* MainInteractor.swift */,
			);
			path = Main;
			sourceTree = "<group>";
		};
		70EF679F29218B8C006696C2 /* RandomImage */ = {
			isa = PBXGroup;
			children = (
				70EF67A029218BA3006696C2 /* RandomImagePresenter.swift */,
				70EF67A329218BA3006696C2 /* RandomImageModels.swift */,
				70EF67A429218BA3006696C2 /* RandomImageViewController.swift */,
				70EF67A529218BA3006696C2 /* RandomImageInteractor.swift */,
				70EF67BC2923BB35006696C2 /* RandomImageComponent.swift */,
			);
			path = RandomImage;
			sourceTree = "<group>";
		};
		70EF67AC29218BAF006696C2 /* Gallery */ = {
			isa = PBXGroup;
			children = (
				70EF67CC29290061006696C2 /* PhotoCell */,
				70EF67AD29218BBA006696C2 /* GalleryPresenter.swift */,
				70EF67AE29218BBA006696C2 /* GalleryWorker.swift */,
				70EF67AF29218BBA006696C2 /* GalleryRouter.swift */,
				70EF67B029218BBA006696C2 /* GalleryModels.swift */,
				70EF67B129218BBA006696C2 /* GalleryViewController.swift */,
				70EF67B229218BBA006696C2 /* GalleryInteractor.swift */,
				70EF67BE2923C2FB006696C2 /* GalleryComponent.swift */,
			);
			path = Gallery;
			sourceTree = "<group>";
		};
		70EF67B92922B208006696C2 /* Extensions */ = {
			isa = PBXGroup;
			children = (
				7044D6D0293C721F00CA5AAD /* UIViewController + TopBarHeight.swift */,
				70EF67BA2922B221006696C2 /* UIViewController + Preview.swift */,
				70EF67C22924F967006696C2 /* UIViewController + Alert.swift */,
				70EF67C429250391006696C2 /* UIView + Animation.swift */,
				70EF67C82926AEAC006696C2 /* UIView + dropShadow.swift */,
				7044D6D6293D17C500CA5AAD /* UIImage + AvaregeColor.swift */,
				7044D6D2293C77E300CA5AAD /* UIFont + CustomFonts.swift */,
			);
			path = Extensions;
			sourceTree = "<group>";
		};
		70EF67CC29290061006696C2 /* PhotoCell */ = {
			isa = PBXGroup;
			children = (
				70EF67CD2929009E006696C2 /* PhotoCell.swift */,
			);
			path = PhotoCell;
			sourceTree = "<group>";
		};
		70EF67CF29290113006696C2 /* Helpers */ = {
			isa = PBXGroup;
			children = (
				70EF67D029290120006696C2 /* WebImageView.swift */,
				7090D5592931EE6200961128 /* ShareViewController.swift */,
				7090D561293B171D00961128 /* ZoomImageView.swift */,
				7044D6D4293C879C00CA5AAD /* SafariView.swift */,
			);
			path = Helpers;
			sourceTree = "<group>";
		};
		70EF67D4292948BB006696C2 /* Models */ = {
			isa = PBXGroup;
			children = (
				70EF67D5292948C6006696C2 /* Photo.swift */,
			);
			path = Models;
			sourceTree = "<group>";
		};
/* End PBXGroup section */

/* Begin PBXNativeTarget section */
		702E48812921518D005C6C82 /* LoremPicsumApp */ = {
			isa = PBXNativeTarget;
			buildConfigurationList = 702E48962921518F005C6C82 /* Build configuration list for PBXNativeTarget "LoremPicsumApp" */;
			buildPhases = (
				702E487E2921518D005C6C82 /* Sources */,
				702E487F2921518D005C6C82 /* Frameworks */,
				702E48802921518D005C6C82 /* Resources */,
				702E48A0292158B3005C6C82 /* Embed Frameworks */,
				70EF677629215D1A006696C2 /* Needle */,
				704D6E10292BEFBB00ACE040 /* SwiftLint */,
			);
			buildRules = (
			);
			dependencies = (
			);
			name = LoremPicsumApp;
			productName = LoremPicsumApp;
			productReference = 702E48822921518D005C6C82 /* LoremPicsumApp.app */;
			productType = "com.apple.product-type.application";
		};
/* End PBXNativeTarget section */

/* Begin PBXProject section */
		702E487A2921518D005C6C82 /* Project object */ = {
			isa = PBXProject;
			attributes = {
				BuildIndependentTargetsInParallel = 1;
				LastSwiftUpdateCheck = 1410;
				LastUpgradeCheck = 1410;
				TargetAttributes = {
					702E48812921518D005C6C82 = {
						CreatedOnToolsVersion = 14.1;
					};
				};
			};
			buildConfigurationList = 702E487D2921518D005C6C82 /* Build configuration list for PBXProject "LoremPicsumApp" */;
			compatibilityVersion = "Xcode 14.0";
			developmentRegion = en;
			hasScannedForEncodings = 0;
			knownRegions = (
				en,
				Base,
			);
			mainGroup = 702E48792921518D005C6C82;
			productRefGroup = 702E48832921518D005C6C82 /* Products */;
			projectDirPath = "";
			projectRoot = "";
			targets = (
				702E48812921518D005C6C82 /* LoremPicsumApp */,
			);
		};
/* End PBXProject section */

/* Begin PBXResourcesBuildPhase section */
		702E48802921518D005C6C82 /* Resources */ = {
			isa = PBXResourcesBuildPhase;
			buildActionMask = 2147483647;
			files = (
				702E48922921518F005C6C82 /* LaunchScreen.storyboard in Resources */,
				702E488F2921518F005C6C82 /* Assets.xcassets in Resources */,
				704D6E0E292AAFBE00ACE040 /* SparkyStones.ttf in Resources */,
			);
			runOnlyForDeploymentPostprocessing = 0;
		};
/* End PBXResourcesBuildPhase section */

/* Begin PBXShellScriptBuildPhase section */
		704D6E10292BEFBB00ACE040 /* SwiftLint */ = {
			isa = PBXShellScriptBuildPhase;
			alwaysOutOfDate = 1;
			buildActionMask = 12;
			files = (
			);
			inputFileListPaths = (
			);
			inputPaths = (
			);
			name = SwiftLint;
			outputFileListPaths = (
			);
			outputPaths = (
			);
			runOnlyForDeploymentPostprocessing = 0;
			shellPath = /bin/sh;
			shellScript = "export PATH=\"$PATH:/opt/homebrew/bin\"\nif which swiftlint > /dev/null; then\n  swiftlint\nelse\n  echo \"warning: SwiftLint not installed, download from https://github.com/realm/SwiftLint\"\nfi\n";
		};
		70EF677629215D1A006696C2 /* Needle */ = {
			isa = PBXShellScriptBuildPhase;
			alwaysOutOfDate = 1;
			buildActionMask = 12;
			files = (
			);
			inputFileListPaths = (
			);
			inputPaths = (
			);
			name = Needle;
			outputFileListPaths = (
			);
			outputPaths = (
			);
			runOnlyForDeploymentPostprocessing = 0;
			shellPath = /bin/sh;
			shellScript = "export SOURCEKIT_LOGGING=0 && $SRCROOT/Carthage/Checkouts/needle/Generator/bin/needle generate $SRCROOT/$TARGETNAME/NeedleGenerated.swift $SRCROOT/$TARGETNAME\n";
		};
/* End PBXShellScriptBuildPhase section */

/* Begin PBXSourcesBuildPhase section */
		702E487E2921518D005C6C82 /* Sources */ = {
			isa = PBXSourcesBuildPhase;
			buildActionMask = 2147483647;
			files = (
				704D6E1A292C158400ACE040 /* FavoritesRouter.swift in Sources */,
				704D6E19292C158400ACE040 /* FavoritesWorker.swift in Sources */,
				70EF677A29216A37006696C2 /* RootComponent.swift in Sources */,
				70EF67D6292948C6006696C2 /* Photo.swift in Sources */,
				70EF67B629218BBA006696C2 /* GalleryModels.swift in Sources */,
				70EF67B329218BBA006696C2 /* GalleryPresenter.swift in Sources */,
				704D6E1B292C158400ACE040 /* FavoritesModels.swift in Sources */,
				70EF67D129290120006696C2 /* WebImageView.swift in Sources */,
				70EF678129216B59006696C2 /* NetworkFetcher.swift in Sources */,
				704D6E1D292C158400ACE040 /* FavoritesInteractor.swift in Sources */,
				70EF67BF2923C2FB006696C2 /* GalleryComponent.swift in Sources */,
				704D6E1C292C158400ACE040 /* FavoritesViewController.swift in Sources */,
				702E48862921518D005C6C82 /* AppDelegate.swift in Sources */,
				70EF67A629218BA3006696C2 /* RandomImagePresenter.swift in Sources */,
				70EF679D29218B42006696C2 /* MainViewController.swift in Sources */,
				70EF679929218B42006696C2 /* MainPresenter.swift in Sources */,
				70EF67B529218BBA006696C2 /* GalleryRouter.swift in Sources */,
				70EF67C529250391006696C2 /* UIView + Animation.swift in Sources */,
				70EF67B429218BBA006696C2 /* GalleryWorker.swift in Sources */,
				7090D571293B5ECC00961128 /* PhotoDetailsComponent.swift in Sources */,
				7044D6D5293C879C00CA5AAD /* SafariView.swift in Sources */,
				7090D56F293B547300961128 /* PhotoDetailsInteractor.swift in Sources */,
				70EF679B29218B42006696C2 /* MainRouter.swift in Sources */,
				7044D6D1293C721F00CA5AAD /* UIViewController + TopBarHeight.swift in Sources */,
				70EF67BD2923BB35006696C2 /* RandomImageComponent.swift in Sources */,
				70EF677F29216AC2006696C2 /* NetworkService.swift in Sources */,
				7090D56D293B547300961128 /* PhotoDetailsModels.swift in Sources */,
				7044D6D3293C77E300CA5AAD /* UIFont + CustomFonts.swift in Sources */,
				7090D55A2931EE6200961128 /* ShareViewController.swift in Sources */,
				704D6E18292C158400ACE040 /* FavoritesPresenter.swift in Sources */,
				70EF678629217883006696C2 /* MainAPI.swift in Sources */,
				70EF67C92926AEAC006696C2 /* UIView + dropShadow.swift in Sources */,
				70EF67BB2922B221006696C2 /* UIViewController + Preview.swift in Sources */,
				70EF67CE2929009E006696C2 /* PhotoCell.swift in Sources */,
				70EF679C29218B42006696C2 /* MainModels.swift in Sources */,
				7044D6D7293D17C500CA5AAD /* UIImage + AvaregeColor.swift in Sources */,
				702E48882921518D005C6C82 /* SceneDelegate.swift in Sources */,
				70EF67AB29218BA3006696C2 /* RandomImageInteractor.swift in Sources */,
				7090D56C293B547300961128 /* PhotoDetailsRouter.swift in Sources */,
				70EF67C32924F967006696C2 /* UIViewController + Alert.swift in Sources */,
				70EF67A929218BA3006696C2 /* RandomImageModels.swift in Sources */,
				70EF67B729218BBA006696C2 /* GalleryViewController.swift in Sources */,
				70EF67B829218BBA006696C2 /* GalleryInteractor.swift in Sources */,
				7090D562293B171D00961128 /* ZoomImageView.swift in Sources */,
				70EF679E29218B42006696C2 /* MainInteractor.swift in Sources */,
				7090D56E293B547300961128 /* PhotoDetailsViewController.swift in Sources */,
				7090D575293B7FE000961128 /* NeedleGenerated.swift in Sources */,
				704D6E21292C15C800ACE040 /* AboutViewController.swift in Sources */,
				7090D56A293B547300961128 /* PhotoDetailsPresenter.swift in Sources */,
				70EF67AA29218BA3006696C2 /* RandomImageViewController.swift in Sources */,
			);
			runOnlyForDeploymentPostprocessing = 0;
		};
/* End PBXSourcesBuildPhase section */

/* Begin PBXVariantGroup section */
		702E48902921518F005C6C82 /* LaunchScreen.storyboard */ = {
			isa = PBXVariantGroup;
			children = (
				702E48912921518F005C6C82 /* Base */,
			);
			name = LaunchScreen.storyboard;
			sourceTree = "<group>";
		};
/* End PBXVariantGroup section */

/* Begin XCBuildConfiguration section */
		702E48942921518F005C6C82 /* Debug */ = {
			isa = XCBuildConfiguration;
			buildSettings = {
				ALWAYS_SEARCH_USER_PATHS = NO;
				CLANG_ANALYZER_NONNULL = YES;
				CLANG_ANALYZER_NUMBER_OBJECT_CONVERSION = YES_AGGRESSIVE;
				CLANG_CXX_LANGUAGE_STANDARD = "gnu++20";
				CLANG_ENABLE_MODULES = YES;
				CLANG_ENABLE_OBJC_ARC = YES;
				CLANG_ENABLE_OBJC_WEAK = YES;
				CLANG_WARN_BLOCK_CAPTURE_AUTORELEASING = YES;
				CLANG_WARN_BOOL_CONVERSION = YES;
				CLANG_WARN_COMMA = YES;
				CLANG_WARN_CONSTANT_CONVERSION = YES;
				CLANG_WARN_DEPRECATED_OBJC_IMPLEMENTATIONS = YES;
				CLANG_WARN_DIRECT_OBJC_ISA_USAGE = YES_ERROR;
				CLANG_WARN_DOCUMENTATION_COMMENTS = YES;
				CLANG_WARN_EMPTY_BODY = YES;
				CLANG_WARN_ENUM_CONVERSION = YES;
				CLANG_WARN_INFINITE_RECURSION = YES;
				CLANG_WARN_INT_CONVERSION = YES;
				CLANG_WARN_NON_LITERAL_NULL_CONVERSION = YES;
				CLANG_WARN_OBJC_IMPLICIT_RETAIN_SELF = YES;
				CLANG_WARN_OBJC_LITERAL_CONVERSION = YES;
				CLANG_WARN_OBJC_ROOT_CLASS = YES_ERROR;
				CLANG_WARN_QUOTED_INCLUDE_IN_FRAMEWORK_HEADER = YES;
				CLANG_WARN_RANGE_LOOP_ANALYSIS = YES;
				CLANG_WARN_STRICT_PROTOTYPES = YES;
				CLANG_WARN_SUSPICIOUS_MOVE = YES;
				CLANG_WARN_UNGUARDED_AVAILABILITY = YES_AGGRESSIVE;
				CLANG_WARN_UNREACHABLE_CODE = YES;
				CLANG_WARN__DUPLICATE_METHOD_MATCH = YES;
				COPY_PHASE_STRIP = NO;
				DEBUG_INFORMATION_FORMAT = dwarf;
				ENABLE_STRICT_OBJC_MSGSEND = YES;
				ENABLE_TESTABILITY = YES;
				GCC_C_LANGUAGE_STANDARD = gnu11;
				GCC_DYNAMIC_NO_PIC = NO;
				GCC_NO_COMMON_BLOCKS = YES;
				GCC_OPTIMIZATION_LEVEL = 0;
				GCC_PREPROCESSOR_DEFINITIONS = (
					"DEBUG=1",
					"$(inherited)",
				);
				GCC_WARN_64_TO_32_BIT_CONVERSION = YES;
				GCC_WARN_ABOUT_RETURN_TYPE = YES_ERROR;
				GCC_WARN_UNDECLARED_SELECTOR = YES;
				GCC_WARN_UNINITIALIZED_AUTOS = YES_AGGRESSIVE;
				GCC_WARN_UNUSED_FUNCTION = YES;
				GCC_WARN_UNUSED_VARIABLE = YES;
				IPHONEOS_DEPLOYMENT_TARGET = 14.1;
				MTL_ENABLE_DEBUG_INFO = INCLUDE_SOURCE;
				MTL_FAST_MATH = YES;
				ONLY_ACTIVE_ARCH = YES;
				SDKROOT = iphoneos;
				SWIFT_ACTIVE_COMPILATION_CONDITIONS = DEBUG;
				SWIFT_OPTIMIZATION_LEVEL = "-Onone";
			};
			name = Debug;
		};
		702E48952921518F005C6C82 /* Release */ = {
			isa = XCBuildConfiguration;
			buildSettings = {
				ALWAYS_SEARCH_USER_PATHS = NO;
				CLANG_ANALYZER_NONNULL = YES;
				CLANG_ANALYZER_NUMBER_OBJECT_CONVERSION = YES_AGGRESSIVE;
				CLANG_CXX_LANGUAGE_STANDARD = "gnu++20";
				CLANG_ENABLE_MODULES = YES;
				CLANG_ENABLE_OBJC_ARC = YES;
				CLANG_ENABLE_OBJC_WEAK = YES;
				CLANG_WARN_BLOCK_CAPTURE_AUTORELEASING = YES;
				CLANG_WARN_BOOL_CONVERSION = YES;
				CLANG_WARN_COMMA = YES;
				CLANG_WARN_CONSTANT_CONVERSION = YES;
				CLANG_WARN_DEPRECATED_OBJC_IMPLEMENTATIONS = YES;
				CLANG_WARN_DIRECT_OBJC_ISA_USAGE = YES_ERROR;
				CLANG_WARN_DOCUMENTATION_COMMENTS = YES;
				CLANG_WARN_EMPTY_BODY = YES;
				CLANG_WARN_ENUM_CONVERSION = YES;
				CLANG_WARN_INFINITE_RECURSION = YES;
				CLANG_WARN_INT_CONVERSION = YES;
				CLANG_WARN_NON_LITERAL_NULL_CONVERSION = YES;
				CLANG_WARN_OBJC_IMPLICIT_RETAIN_SELF = YES;
				CLANG_WARN_OBJC_LITERAL_CONVERSION = YES;
				CLANG_WARN_OBJC_ROOT_CLASS = YES_ERROR;
				CLANG_WARN_QUOTED_INCLUDE_IN_FRAMEWORK_HEADER = YES;
				CLANG_WARN_RANGE_LOOP_ANALYSIS = YES;
				CLANG_WARN_STRICT_PROTOTYPES = YES;
				CLANG_WARN_SUSPICIOUS_MOVE = YES;
				CLANG_WARN_UNGUARDED_AVAILABILITY = YES_AGGRESSIVE;
				CLANG_WARN_UNREACHABLE_CODE = YES;
				CLANG_WARN__DUPLICATE_METHOD_MATCH = YES;
				COPY_PHASE_STRIP = NO;
				DEBUG_INFORMATION_FORMAT = "dwarf-with-dsym";
				ENABLE_NS_ASSERTIONS = NO;
				ENABLE_STRICT_OBJC_MSGSEND = YES;
				GCC_C_LANGUAGE_STANDARD = gnu11;
				GCC_NO_COMMON_BLOCKS = YES;
				GCC_WARN_64_TO_32_BIT_CONVERSION = YES;
				GCC_WARN_ABOUT_RETURN_TYPE = YES_ERROR;
				GCC_WARN_UNDECLARED_SELECTOR = YES;
				GCC_WARN_UNINITIALIZED_AUTOS = YES_AGGRESSIVE;
				GCC_WARN_UNUSED_FUNCTION = YES;
				GCC_WARN_UNUSED_VARIABLE = YES;
				IPHONEOS_DEPLOYMENT_TARGET = 14.1;
				MTL_ENABLE_DEBUG_INFO = NO;
				MTL_FAST_MATH = YES;
				SDKROOT = iphoneos;
				SWIFT_COMPILATION_MODE = wholemodule;
				SWIFT_OPTIMIZATION_LEVEL = "-O";
				VALIDATE_PRODUCT = YES;
			};
			name = Release;
		};
		702E48972921518F005C6C82 /* Debug */ = {
			isa = XCBuildConfiguration;
			buildSettings = {
				ASSETCATALOG_COMPILER_APPICON_NAME = AppIcon;
				ASSETCATALOG_COMPILER_GLOBAL_ACCENT_COLOR_NAME = AccentColor;
				CODE_SIGN_STYLE = Automatic;
				CURRENT_PROJECT_VERSION = 1;
				DEVELOPMENT_TEAM = BS64CSG2MY;
				GENERATE_INFOPLIST_FILE = YES;
				INFOPLIST_FILE = LoremPicsumApp/App/Info.plist;
				INFOPLIST_KEY_LSApplicationCategoryType = "public.app-category.graphics-design";
				INFOPLIST_KEY_UIApplicationSupportsIndirectInputEvents = YES;
				INFOPLIST_KEY_UILaunchStoryboardName = LaunchScreen.storyboard;
				INFOPLIST_KEY_UISupportedInterfaceOrientations = UIInterfaceOrientationPortrait;
				IPHONEOS_DEPLOYMENT_TARGET = 14.1;
				LD_RUNPATH_SEARCH_PATHS = (
					"$(inherited)",
					"@executable_path/Frameworks",
				);
				MARKETING_VERSION = 1.0;
				PRODUCT_BUNDLE_IDENTIFIER = null.LoremPicsumApp;
				PRODUCT_NAME = "$(TARGET_NAME)";
				SUPPORTED_PLATFORMS = "iphoneos iphonesimulator";
				SUPPORTS_MACCATALYST = NO;
				SUPPORTS_MAC_DESIGNED_FOR_IPHONE_IPAD = NO;
				SWIFT_EMIT_LOC_STRINGS = YES;
				SWIFT_VERSION = 5.0;
				TARGETED_DEVICE_FAMILY = 1;
			};
			name = Debug;
		};
		702E48982921518F005C6C82 /* Release */ = {
			isa = XCBuildConfiguration;
			buildSettings = {
				ASSETCATALOG_COMPILER_APPICON_NAME = AppIcon;
				ASSETCATALOG_COMPILER_GLOBAL_ACCENT_COLOR_NAME = AccentColor;
				CODE_SIGN_STYLE = Automatic;
				CURRENT_PROJECT_VERSION = 1;
				DEVELOPMENT_TEAM = BS64CSG2MY;
				GENERATE_INFOPLIST_FILE = YES;
				INFOPLIST_FILE = LoremPicsumApp/App/Info.plist;
				INFOPLIST_KEY_LSApplicationCategoryType = "public.app-category.graphics-design";
				INFOPLIST_KEY_UIApplicationSupportsIndirectInputEvents = YES;
				INFOPLIST_KEY_UILaunchStoryboardName = LaunchScreen.storyboard;
				INFOPLIST_KEY_UISupportedInterfaceOrientations = UIInterfaceOrientationPortrait;
				IPHONEOS_DEPLOYMENT_TARGET = 14.1;
				LD_RUNPATH_SEARCH_PATHS = (
					"$(inherited)",
					"@executable_path/Frameworks",
				);
				MARKETING_VERSION = 1.0;
				PRODUCT_BUNDLE_IDENTIFIER = null.LoremPicsumApp;
				PRODUCT_NAME = "$(TARGET_NAME)";
				SUPPORTED_PLATFORMS = "iphoneos iphonesimulator";
				SUPPORTS_MACCATALYST = NO;
				SUPPORTS_MAC_DESIGNED_FOR_IPHONE_IPAD = NO;
				SWIFT_EMIT_LOC_STRINGS = YES;
				SWIFT_VERSION = 5.0;
				TARGETED_DEVICE_FAMILY = 1;
			};
			name = Release;
		};
/* End XCBuildConfiguration section */

/* Begin XCConfigurationList section */
		702E487D2921518D005C6C82 /* Build configuration list for PBXProject "LoremPicsumApp" */ = {
			isa = XCConfigurationList;
			buildConfigurations = (
				702E48942921518F005C6C82 /* Debug */,
				702E48952921518F005C6C82 /* Release */,
			);
			defaultConfigurationIsVisible = 0;
			defaultConfigurationName = Release;
		};
		702E48962921518F005C6C82 /* Build configuration list for PBXNativeTarget "LoremPicsumApp" */ = {
			isa = XCConfigurationList;
			buildConfigurations = (
				702E48972921518F005C6C82 /* Debug */,
				702E48982921518F005C6C82 /* Release */,
			);
			defaultConfigurationIsVisible = 0;
			defaultConfigurationName = Release;
		};
/* End XCConfigurationList section */
	};
	rootObject = 702E487A2921518D005C6C82 /* Project object */;
}
